// !$*UTF8*$!
{
	archiveVersion = 1;
	classes = {
	};
	objectVersion = 55;
	objects = {

/* Begin PBXBuildFile section */
		52209CFE286AE56400D17801 /* DefaultsManager.swift in Sources */ = {isa = PBXBuildFile; fileRef = 52209CFD286AE56400D17801 /* DefaultsManager.swift */; };
		52209D00286AE59500D17801 /* LoginManager.swift in Sources */ = {isa = PBXBuildFile; fileRef = 52209CFF286AE59500D17801 /* LoginManager.swift */; };
		52209D03286AE8F900D17801 /* AppRouter.swift in Sources */ = {isa = PBXBuildFile; fileRef = 52209D02286AE8F900D17801 /* AppRouter.swift */; };
		52209D05286AED2100D17801 /* LoginRouter.swift in Sources */ = {isa = PBXBuildFile; fileRef = 52209D04286AED2100D17801 /* LoginRouter.swift */; };
		52209D07286AF56A00D17801 /* OnboardingRouter.swift in Sources */ = {isa = PBXBuildFile; fileRef = 52209D06286AF56A00D17801 /* OnboardingRouter.swift */; };
		52209D0A286AFD8000D17801 /* LoginScreen.swift in Sources */ = {isa = PBXBuildFile; fileRef = 52209D09286AFD8000D17801 /* LoginScreen.swift */; };
		52209D0D286AFEA900D17801 /* ViewModel.swift in Sources */ = {isa = PBXBuildFile; fileRef = 52209D0C286AFEA900D17801 /* ViewModel.swift */; };
		52209D1C286B03CD00D17801 /* DefaultManagerTests.swift in Sources */ = {isa = PBXBuildFile; fileRef = 52209D1B286B03CD00D17801 /* DefaultManagerTests.swift */; };
		52209D1E286B07EA00D17801 /* LoginManagerTests.swift in Sources */ = {isa = PBXBuildFile; fileRef = 52209D1D286B07EA00D17801 /* LoginManagerTests.swift */; };
		52209D20286B2E3F00D17801 /* TabRouter.swift in Sources */ = {isa = PBXBuildFile; fileRef = 52209D1F286B2E3F00D17801 /* TabRouter.swift */; };
		52537614286B53CB00BB3C65 /* HomeScreen.swift in Sources */ = {isa = PBXBuildFile; fileRef = 52537613286B53CB00BB3C65 /* HomeScreen.swift */; };
		52537616286B56D700BB3C65 /* AccountRouter.swift in Sources */ = {isa = PBXBuildFile; fileRef = 52537615286B56D700BB3C65 /* AccountRouter.swift */; };
		52537618286B57CD00BB3C65 /* AccountScreen.swift in Sources */ = {isa = PBXBuildFile; fileRef = 52537617286B57CD00BB3C65 /* AccountScreen.swift */; };
		5253761A286B590000BB3C65 /* ProfileScreen.swift in Sources */ = {isa = PBXBuildFile; fileRef = 52537619286B590000BB3C65 /* ProfileScreen.swift */; };
		52D62711286AE45F005C1E65 /* SwiftUIRouterSampleApp.swift in Sources */ = {isa = PBXBuildFile; fileRef = 52D62710286AE45F005C1E65 /* SwiftUIRouterSampleApp.swift */; };
		52D62715286AE460005C1E65 /* Assets.xcassets in Resources */ = {isa = PBXBuildFile; fileRef = 52D62714286AE460005C1E65 /* Assets.xcassets */; };
		52D62718286AE460005C1E65 /* Preview Assets.xcassets in Resources */ = {isa = PBXBuildFile; fileRef = 52D62717286AE460005C1E65 /* Preview Assets.xcassets */; };
		52D6271F286AE482005C1E65 /* Services.swift in Sources */ = {isa = PBXBuildFile; fileRef = 52D6271E286AE482005C1E65 /* Services.swift */; };
/* End PBXBuildFile section */

/* Begin PBXContainerItemProxy section */
		52209D16286B033800D17801 /* PBXContainerItemProxy */ = {
			isa = PBXContainerItemProxy;
			containerPortal = 52D62705286AE45F005C1E65 /* Project object */;
			proxyType = 1;
			remoteGlobalIDString = 52D6270C286AE45F005C1E65;
			remoteInfo = SwiftUIRouterSample;
		};
/* End PBXContainerItemProxy section */

/* Begin PBXFileReference section */
		52209CFD286AE56400D17801 /* DefaultsManager.swift */ = {isa = PBXFileReference; lastKnownFileType = sourcecode.swift; path = DefaultsManager.swift; sourceTree = "<group>"; };
		52209CFF286AE59500D17801 /* LoginManager.swift */ = {isa = PBXFileReference; lastKnownFileType = sourcecode.swift; path = LoginManager.swift; sourceTree = "<group>"; };
		52209D02286AE8F900D17801 /* AppRouter.swift */ = {isa = PBXFileReference; lastKnownFileType = sourcecode.swift; path = AppRouter.swift; sourceTree = "<group>"; };
		52209D04286AED2100D17801 /* LoginRouter.swift */ = {isa = PBXFileReference; lastKnownFileType = sourcecode.swift; path = LoginRouter.swift; sourceTree = "<group>"; };
		52209D06286AF56A00D17801 /* OnboardingRouter.swift */ = {isa = PBXFileReference; lastKnownFileType = sourcecode.swift; path = OnboardingRouter.swift; sourceTree = "<group>"; };
		52209D09286AFD8000D17801 /* LoginScreen.swift */ = {isa = PBXFileReference; lastKnownFileType = sourcecode.swift; path = LoginScreen.swift; sourceTree = "<group>"; };
		52209D0C286AFEA900D17801 /* ViewModel.swift */ = {isa = PBXFileReference; lastKnownFileType = sourcecode.swift; path = ViewModel.swift; sourceTree = "<group>"; };
		52209D12286B033800D17801 /* SwiftUIRouterSampleTests.xctest */ = {isa = PBXFileReference; explicitFileType = wrapper.cfbundle; includeInIndex = 0; path = SwiftUIRouterSampleTests.xctest; sourceTree = BUILT_PRODUCTS_DIR; };
		52209D1B286B03CD00D17801 /* DefaultManagerTests.swift */ = {isa = PBXFileReference; lastKnownFileType = sourcecode.swift; path = DefaultManagerTests.swift; sourceTree = "<group>"; };
		52209D1D286B07EA00D17801 /* LoginManagerTests.swift */ = {isa = PBXFileReference; lastKnownFileType = sourcecode.swift; path = LoginManagerTests.swift; sourceTree = "<group>"; };
		52209D1F286B2E3F00D17801 /* TabRouter.swift */ = {isa = PBXFileReference; lastKnownFileType = sourcecode.swift; path = TabRouter.swift; sourceTree = "<group>"; };
		52537613286B53CB00BB3C65 /* HomeScreen.swift */ = {isa = PBXFileReference; lastKnownFileType = sourcecode.swift; path = HomeScreen.swift; sourceTree = "<group>"; };
		52537615286B56D700BB3C65 /* AccountRouter.swift */ = {isa = PBXFileReference; lastKnownFileType = sourcecode.swift; path = AccountRouter.swift; sourceTree = "<group>"; };
		52537617286B57CD00BB3C65 /* AccountScreen.swift */ = {isa = PBXFileReference; lastKnownFileType = sourcecode.swift; path = AccountScreen.swift; sourceTree = "<group>"; };
		52537619286B590000BB3C65 /* ProfileScreen.swift */ = {isa = PBXFileReference; lastKnownFileType = sourcecode.swift; path = ProfileScreen.swift; sourceTree = "<group>"; };
		52D6270D286AE45F005C1E65 /* SwiftUIRouterSample.app */ = {isa = PBXFileReference; explicitFileType = wrapper.application; includeInIndex = 0; path = SwiftUIRouterSample.app; sourceTree = BUILT_PRODUCTS_DIR; };
		52D62710286AE45F005C1E65 /* SwiftUIRouterSampleApp.swift */ = {isa = PBXFileReference; lastKnownFileType = sourcecode.swift; path = SwiftUIRouterSampleApp.swift; sourceTree = "<group>"; };
		52D62714286AE460005C1E65 /* Assets.xcassets */ = {isa = PBXFileReference; lastKnownFileType = folder.assetcatalog; path = Assets.xcassets; sourceTree = "<group>"; };
		52D62717286AE460005C1E65 /* Preview Assets.xcassets */ = {isa = PBXFileReference; lastKnownFileType = folder.assetcatalog; path = "Preview Assets.xcassets"; sourceTree = "<group>"; };
		52D6271E286AE482005C1E65 /* Services.swift */ = {isa = PBXFileReference; lastKnownFileType = sourcecode.swift; path = Services.swift; sourceTree = "<group>"; };
/* End PBXFileReference section */

/* Begin PBXFrameworksBuildPhase section */
		52209D0F286B033800D17801 /* Frameworks */ = {
			isa = PBXFrameworksBuildPhase;
			buildActionMask = 2147483647;
			files = (
			);
			runOnlyForDeploymentPostprocessing = 0;
		};
		52D6270A286AE45F005C1E65 /* Frameworks */ = {
			isa = PBXFrameworksBuildPhase;
			buildActionMask = 2147483647;
			files = (
			);
			runOnlyForDeploymentPostprocessing = 0;
		};
/* End PBXFrameworksBuildPhase section */

/* Begin PBXGroup section */
		52209CFC286AE55100D17801 /* Dependencies */ = {
			isa = PBXGroup;
			children = (
				52D6271E286AE482005C1E65 /* Services.swift */,
				52209CFF286AE59500D17801 /* LoginManager.swift */,
				52209CFD286AE56400D17801 /* DefaultsManager.swift */,
			);
			path = Dependencies;
			sourceTree = "<group>";
		};
		52209D01286AE6BA00D17801 /* Routers */ = {
			isa = PBXGroup;
			children = (
				52209D02286AE8F900D17801 /* AppRouter.swift */,
				52209D04286AED2100D17801 /* LoginRouter.swift */,
				52209D06286AF56A00D17801 /* OnboardingRouter.swift */,
				52209D1F286B2E3F00D17801 /* TabRouter.swift */,
				52537615286B56D700BB3C65 /* AccountRouter.swift */,
			);
			path = Routers;
			sourceTree = "<group>";
		};
		52209D08286AFD7000D17801 /* Screens */ = {
			isa = PBXGroup;
			children = (
				52209D09286AFD8000D17801 /* LoginScreen.swift */,
				52537613286B53CB00BB3C65 /* HomeScreen.swift */,
				52537617286B57CD00BB3C65 /* AccountScreen.swift */,
				52537619286B590000BB3C65 /* ProfileScreen.swift */,
			);
			path = Screens;
			sourceTree = "<group>";
		};
		52209D0B286AFE9800D17801 /* Base */ = {
			isa = PBXGroup;
			children = (
				52209D0C286AFEA900D17801 /* ViewModel.swift */,
			);
			path = Base;
			sourceTree = "<group>";
		};
		52209D13286B033800D17801 /* SwiftUIRouterSampleTests */ = {
			isa = PBXGroup;
			children = (
				52209D1B286B03CD00D17801 /* DefaultManagerTests.swift */,
				52209D1D286B07EA00D17801 /* LoginManagerTests.swift */,
			);
			path = SwiftUIRouterSampleTests;
			sourceTree = "<group>";
		};
		52D62704286AE45F005C1E65 = {
			isa = PBXGroup;
			children = (
				52D6270F286AE45F005C1E65 /* SwiftUIRouterSample */,
				52209D13286B033800D17801 /* SwiftUIRouterSampleTests */,
				52D6270E286AE45F005C1E65 /* Products */,
			);
			sourceTree = "<group>";
		};
		52D6270E286AE45F005C1E65 /* Products */ = {
			isa = PBXGroup;
			children = (
				52D6270D286AE45F005C1E65 /* SwiftUIRouterSample.app */,
				52209D12286B033800D17801 /* SwiftUIRouterSampleTests.xctest */,
			);
			name = Products;
			sourceTree = "<group>";
		};
		52D6270F286AE45F005C1E65 /* SwiftUIRouterSample */ = {
			isa = PBXGroup;
			children = (
				52D62710286AE45F005C1E65 /* SwiftUIRouterSampleApp.swift */,
				52209D0B286AFE9800D17801 /* Base */,
				52209CFC286AE55100D17801 /* Dependencies */,
				52209D01286AE6BA00D17801 /* Routers */,
				52209D08286AFD7000D17801 /* Screens */,
				52D62714286AE460005C1E65 /* Assets.xcassets */,
				52D62716286AE460005C1E65 /* Preview Content */,
			);
			path = SwiftUIRouterSample;
			sourceTree = "<group>";
		};
		52D62716286AE460005C1E65 /* Preview Content */ = {
			isa = PBXGroup;
			children = (
				52D62717286AE460005C1E65 /* Preview Assets.xcassets */,
			);
			path = "Preview Content";
			sourceTree = "<group>";
		};
/* End PBXGroup section */

/* Begin PBXNativeTarget section */
		52209D11286B033800D17801 /* SwiftUIRouterSampleTests */ = {
			isa = PBXNativeTarget;
			buildConfigurationList = 52209D18286B033800D17801 /* Build configuration list for PBXNativeTarget "SwiftUIRouterSampleTests" */;
			buildPhases = (
				52209D0E286B033800D17801 /* Sources */,
				52209D0F286B033800D17801 /* Frameworks */,
				52209D10286B033800D17801 /* Resources */,
			);
			buildRules = (
			);
			dependencies = (
				52209D17286B033800D17801 /* PBXTargetDependency */,
			);
			name = SwiftUIRouterSampleTests;
			productName = SwiftUIRouterSampleTests;
			productReference = 52209D12286B033800D17801 /* SwiftUIRouterSampleTests.xctest */;
			productType = "com.apple.product-type.bundle.unit-test";
		};
		52D6270C286AE45F005C1E65 /* SwiftUIRouterSample */ = {
			isa = PBXNativeTarget;
			buildConfigurationList = 52D6271B286AE460005C1E65 /* Build configuration list for PBXNativeTarget "SwiftUIRouterSample" */;
			buildPhases = (
				52D62709286AE45F005C1E65 /* Sources */,
				52D6270A286AE45F005C1E65 /* Frameworks */,
				52D6270B286AE45F005C1E65 /* Resources */,
			);
			buildRules = (
			);
			dependencies = (
			);
			name = SwiftUIRouterSample;
			productName = SwiftUIRouterSample;
			productReference = 52D6270D286AE45F005C1E65 /* SwiftUIRouterSample.app */;
			productType = "com.apple.product-type.application";
		};
/* End PBXNativeTarget section */

/* Begin PBXProject section */
		52D62705286AE45F005C1E65 /* Project object */ = {
			isa = PBXProject;
			attributes = {
				BuildIndependentTargetsInParallel = 1;
				LastSwiftUpdateCheck = 1400;
				LastUpgradeCheck = 1340;
				TargetAttributes = {
					52209D11286B033800D17801 = {
						CreatedOnToolsVersion = 14.0;
						LastSwiftMigration = 1400;
						TestTargetID = 52D6270C286AE45F005C1E65;
					};
					52D6270C286AE45F005C1E65 = {
						CreatedOnToolsVersion = 13.4.1;
					};
				};
			};
			buildConfigurationList = 52D62708286AE45F005C1E65 /* Build configuration list for PBXProject "SwiftUIRouterSample" */;
			compatibilityVersion = "Xcode 13.0";
			developmentRegion = en;
			hasScannedForEncodings = 0;
			knownRegions = (
				en,
				Base,
			);
			mainGroup = 52D62704286AE45F005C1E65;
			productRefGroup = 52D6270E286AE45F005C1E65 /* Products */;
			projectDirPath = "";
			projectRoot = "";
			targets = (
				52D6270C286AE45F005C1E65 /* SwiftUIRouterSample */,
				52209D11286B033800D17801 /* SwiftUIRouterSampleTests */,
			);
		};
/* End PBXProject section */

/* Begin PBXResourcesBuildPhase section */
		52209D10286B033800D17801 /* Resources */ = {
			isa = PBXResourcesBuildPhase;
			buildActionMask = 2147483647;
			files = (
			);
			runOnlyForDeploymentPostprocessing = 0;
		};
		52D6270B286AE45F005C1E65 /* Resources */ = {
			isa = PBXResourcesBuildPhase;
			buildActionMask = 2147483647;
			files = (
				52D62718286AE460005C1E65 /* Preview Assets.xcassets in Resources */,
				52D62715286AE460005C1E65 /* Assets.xcassets in Resources */,
			);
			runOnlyForDeploymentPostprocessing = 0;
		};
/* End PBXResourcesBuildPhase section */

/* Begin PBXSourcesBuildPhase section */
		52209D0E286B033800D17801 /* Sources */ = {
			isa = PBXSourcesBuildPhase;
			buildActionMask = 2147483647;
			files = (
				52209D1C286B03CD00D17801 /* DefaultManagerTests.swift in Sources */,
				52209D1E286B07EA00D17801 /* LoginManagerTests.swift in Sources */,
			);
			runOnlyForDeploymentPostprocessing = 0;
		};
		52D62709286AE45F005C1E65 /* Sources */ = {
			isa = PBXSourcesBuildPhase;
			buildActionMask = 2147483647;
			files = (
				52537616286B56D700BB3C65 /* AccountRouter.swift in Sources */,
				52209D0D286AFEA900D17801 /* ViewModel.swift in Sources */,
				52209D00286AE59500D17801 /* LoginManager.swift in Sources */,
				5253761A286B590000BB3C65 /* ProfileScreen.swift in Sources */,
				52209D0A286AFD8000D17801 /* LoginScreen.swift in Sources */,
				52209D20286B2E3F00D17801 /* TabRouter.swift in Sources */,
				52209D03286AE8F900D17801 /* AppRouter.swift in Sources */,
				52D6271F286AE482005C1E65 /* Services.swift in Sources */,
				52D62711286AE45F005C1E65 /* SwiftUIRouterSampleApp.swift in Sources */,
				52537614286B53CB00BB3C65 /* HomeScreen.swift in Sources */,
				52209D07286AF56A00D17801 /* OnboardingRouter.swift in Sources */,
				52537618286B57CD00BB3C65 /* AccountScreen.swift in Sources */,
				52209D05286AED2100D17801 /* LoginRouter.swift in Sources */,
				52209CFE286AE56400D17801 /* DefaultsManager.swift in Sources */,
			);
			runOnlyForDeploymentPostprocessing = 0;
		};
/* End PBXSourcesBuildPhase section */

/* Begin PBXTargetDependency section */
		52209D17286B033800D17801 /* PBXTargetDependency */ = {
			isa = PBXTargetDependency;
			target = 52D6270C286AE45F005C1E65 /* SwiftUIRouterSample */;
			targetProxy = 52209D16286B033800D17801 /* PBXContainerItemProxy */;
		};
/* End PBXTargetDependency section */

/* Begin XCBuildConfiguration section */
		52209D19286B033800D17801 /* Debug */ = {
			isa = XCBuildConfiguration;
			buildSettings = {
				BUNDLE_LOADER = "$(TEST_HOST)";
				CLANG_ENABLE_MODULES = YES;
				CODE_SIGN_STYLE = Automatic;
				CURRENT_PROJECT_VERSION = 1;
				DEVELOPMENT_TEAM = 3PTYV272Z4;
				GENERATE_INFOPLIST_FILE = YES;
				IPHONEOS_DEPLOYMENT_TARGET = 15.5;
				LD_RUNPATH_SEARCH_PATHS = (
					"$(inherited)",
					"@executable_path/Frameworks",
					"@loader_path/Frameworks",
				);
				MARKETING_VERSION = 1.0;
				PRODUCT_BUNDLE_IDENTIFIER = com.kr.ssh.SwiftUIRouterSampleTests;
				PRODUCT_NAME = "$(TARGET_NAME)";
				SWIFT_EMIT_LOC_STRINGS = NO;
				SWIFT_OPTIMIZATION_LEVEL = "-Onone";
				SWIFT_VERSION = 5.0;
				TARGETED_DEVICE_FAMILY = "1,2";
				TEST_HOST = "$(BUILT_PRODUCTS_DIR)/SwiftUIRouterSample.app/SwiftUIRouterSample";
			};
			name = Debug;
		};
		52209D1A286B033800D17801 /* Release */ = {
			isa = XCBuildConfiguration;
			buildSettings = {
				BUNDLE_LOADER = "$(TEST_HOST)";
				CLANG_ENABLE_MODULES = YES;
				CODE_SIGN_STYLE = Automatic;
				CURRENT_PROJECT_VERSION = 1;
				DEVELOPMENT_TEAM = 3PTYV272Z4;
				GENERATE_INFOPLIST_FILE = YES;
				IPHONEOS_DEPLOYMENT_TARGET = 15.5;
				LD_RUNPATH_SEARCH_PATHS = (
					"$(inherited)",
					"@executable_path/Frameworks",
					"@loader_path/Frameworks",
				);
				MARKETING_VERSION = 1.0;
				PRODUCT_BUNDLE_IDENTIFIER = com.kr.ssh.SwiftUIRouterSampleTests;
				PRODUCT_NAME = "$(TARGET_NAME)";
				SWIFT_EMIT_LOC_STRINGS = NO;
				SWIFT_VERSION = 5.0;
				TARGETED_DEVICE_FAMILY = "1,2";
				TEST_HOST = "$(BUILT_PRODUCTS_DIR)/SwiftUIRouterSample.app/SwiftUIRouterSample";
			};
			name = Release;
		};
		52D62719286AE460005C1E65 /* Debug */ = {
			isa = XCBuildConfiguration;
			buildSettings = {
				ALWAYS_SEARCH_USER_PATHS = NO;
				CLANG_ANALYZER_NONNULL = YES;
				CLANG_ANALYZER_NUMBER_OBJECT_CONVERSION = YES_AGGRESSIVE;
				CLANG_CXX_LANGUAGE_STANDARD = "gnu++17";
				CLANG_ENABLE_MODULES = YES;
				CLANG_ENABLE_OBJC_ARC = YES;
				CLANG_ENABLE_OBJC_WEAK = YES;
				CLANG_WARN_BLOCK_CAPTURE_AUTORELEASING = YES;
				CLANG_WARN_BOOL_CONVERSION = YES;
				CLANG_WARN_COMMA = YES;
				CLANG_WARN_CONSTANT_CONVERSION = YES;
				CLANG_WARN_DEPRECATED_OBJC_IMPLEMENTATIONS = YES;
				CLANG_WARN_DIRECT_OBJC_ISA_USAGE = YES_ERROR;
				CLANG_WARN_DOCUMENTATION_COMMENTS = YES;
				CLANG_WARN_EMPTY_BODY = YES;
				CLANG_WARN_ENUM_CONVERSION = YES;
				CLANG_WARN_INFINITE_RECURSION = YES;
				CLANG_WARN_INT_CONVERSION = YES;
				CLANG_WARN_NON_LITERAL_NULL_CONVERSION = YES;
				CLANG_WARN_OBJC_IMPLICIT_RETAIN_SELF = YES;
				CLANG_WARN_OBJC_LITERAL_CONVERSION = YES;
				CLANG_WARN_OBJC_ROOT_CLASS = YES_ERROR;
				CLANG_WARN_QUOTED_INCLUDE_IN_FRAMEWORK_HEADER = YES;
				CLANG_WARN_RANGE_LOOP_ANALYSIS = YES;
				CLANG_WARN_STRICT_PROTOTYPES = YES;
				CLANG_WARN_SUSPICIOUS_MOVE = YES;
				CLANG_WARN_UNGUARDED_AVAILABILITY = YES_AGGRESSIVE;
				CLANG_WARN_UNREACHABLE_CODE = YES;
				CLANG_WARN__DUPLICATE_METHOD_MATCH = YES;
				COPY_PHASE_STRIP = NO;
				DEBUG_INFORMATION_FORMAT = dwarf;
				ENABLE_STRICT_OBJC_MSGSEND = YES;
				ENABLE_TESTABILITY = YES;
				GCC_C_LANGUAGE_STANDARD = gnu11;
				GCC_DYNAMIC_NO_PIC = NO;
				GCC_NO_COMMON_BLOCKS = YES;
				GCC_OPTIMIZATION_LEVEL = 0;
				GCC_PREPROCESSOR_DEFINITIONS = (
					"DEBUG=1",
					"$(inherited)",
				);
				GCC_WARN_64_TO_32_BIT_CONVERSION = YES;
				GCC_WARN_ABOUT_RETURN_TYPE = YES_ERROR;
				GCC_WARN_UNDECLARED_SELECTOR = YES;
				GCC_WARN_UNINITIALIZED_AUTOS = YES_AGGRESSIVE;
				GCC_WARN_UNUSED_FUNCTION = YES;
				GCC_WARN_UNUSED_VARIABLE = YES;
				IPHONEOS_DEPLOYMENT_TARGET = 15.5;
				MTL_ENABLE_DEBUG_INFO = INCLUDE_SOURCE;
				MTL_FAST_MATH = YES;
				ONLY_ACTIVE_ARCH = YES;
				SDKROOT = iphoneos;
				SWIFT_ACTIVE_COMPILATION_CONDITIONS = DEBUG;
				SWIFT_OPTIMIZATION_LEVEL = "-Onone";
			};
			name = Debug;
		};
		52D6271A286AE460005C1E65 /* Release */ = {
			isa = XCBuildConfiguration;
			buildSettings = {
				ALWAYS_SEARCH_USER_PATHS = NO;
				CLANG_ANALYZER_NONNULL = YES;
				CLANG_ANALYZER_NUMBER_OBJECT_CONVERSION = YES_AGGRESSIVE;
				CLANG_CXX_LANGUAGE_STANDARD = "gnu++17";
				CLANG_ENABLE_MODULES = YES;
				CLANG_ENABLE_OBJC_ARC = YES;
				CLANG_ENABLE_OBJC_WEAK = YES;
				CLANG_WARN_BLOCK_CAPTURE_AUTORELEASING = YES;
				CLANG_WARN_BOOL_CONVERSION = YES;
				CLANG_WARN_COMMA = YES;
				CLANG_WARN_CONSTANT_CONVERSION = YES;
				CLANG_WARN_DEPRECATED_OBJC_IMPLEMENTATIONS = YES;
				CLANG_WARN_DIRECT_OBJC_ISA_USAGE = YES_ERROR;
				CLANG_WARN_DOCUMENTATION_COMMENTS = YES;
				CLANG_WARN_EMPTY_BODY = YES;
				CLANG_WARN_ENUM_CONVERSION = YES;
				CLANG_WARN_INFINITE_RECURSION = YES;
				CLANG_WARN_INT_CONVERSION = YES;
				CLANG_WARN_NON_LITERAL_NULL_CONVERSION = YES;
				CLANG_WARN_OBJC_IMPLICIT_RETAIN_SELF = YES;
				CLANG_WARN_OBJC_LITERAL_CONVERSION = YES;
				CLANG_WARN_OBJC_ROOT_CLASS = YES_ERROR;
				CLANG_WARN_QUOTED_INCLUDE_IN_FRAMEWORK_HEADER = YES;
				CLANG_WARN_RANGE_LOOP_ANALYSIS = YES;
				CLANG_WARN_STRICT_PROTOTYPES = YES;
				CLANG_WARN_SUSPICIOUS_MOVE = YES;
				CLANG_WARN_UNGUARDED_AVAILABILITY = YES_AGGRESSIVE;
				CLANG_WARN_UNREACHABLE_CODE = YES;
				CLANG_WARN__DUPLICATE_METHOD_MATCH = YES;
				COPY_PHASE_STRIP = NO;
				DEBUG_INFORMATION_FORMAT = "dwarf-with-dsym";
				ENABLE_NS_ASSERTIONS = NO;
				ENABLE_STRICT_OBJC_MSGSEND = YES;
				GCC_C_LANGUAGE_STANDARD = gnu11;
				GCC_NO_COMMON_BLOCKS = YES;
				GCC_WARN_64_TO_32_BIT_CONVERSION = YES;
				GCC_WARN_ABOUT_RETURN_TYPE = YES_ERROR;
				GCC_WARN_UNDECLARED_SELECTOR = YES;
				GCC_WARN_UNINITIALIZED_AUTOS = YES_AGGRESSIVE;
				GCC_WARN_UNUSED_FUNCTION = YES;
				GCC_WARN_UNUSED_VARIABLE = YES;
				IPHONEOS_DEPLOYMENT_TARGET = 15.5;
				MTL_ENABLE_DEBUG_INFO = NO;
				MTL_FAST_MATH = YES;
				SDKROOT = iphoneos;
				SWIFT_COMPILATION_MODE = wholemodule;
				SWIFT_OPTIMIZATION_LEVEL = "-O";
				VALIDATE_PRODUCT = YES;
			};
			name = Release;
		};
		52D6271C286AE460005C1E65 /* Debug */ = {
			isa = XCBuildConfiguration;
			buildSettings = {
				ASSETCATALOG_COMPILER_APPICON_NAME = AppIcon;
				ASSETCATALOG_COMPILER_GLOBAL_ACCENT_COLOR_NAME = AccentColor;
				CODE_SIGN_STYLE = Automatic;
				CURRENT_PROJECT_VERSION = 1;
				DEVELOPMENT_ASSET_PATHS = "\"SwiftUIRouterSample/Preview Content\"";
				DEVELOPMENT_TEAM = 3PTYV272Z4;
				ENABLE_PREVIEWS = YES;
				GENERATE_INFOPLIST_FILE = YES;
				INFOPLIST_KEY_UIApplicationSceneManifest_Generation = YES;
				INFOPLIST_KEY_UIApplicationSupportsIndirectInputEvents = YES;
				INFOPLIST_KEY_UILaunchScreen_Generation = YES;
				INFOPLIST_KEY_UISupportedInterfaceOrientations_iPad = "UIInterfaceOrientationPortrait UIInterfaceOrientationPortraitUpsideDown UIInterfaceOrientationLandscapeLeft UIInterfaceOrientationLandscapeRight";
				INFOPLIST_KEY_UISupportedInterfaceOrientations_iPhone = "UIInterfaceOrientationPortrait UIInterfaceOrientationLandscapeLeft UIInterfaceOrientationLandscapeRight";
				IPHONEOS_DEPLOYMENT_TARGET = 15.5;
				LD_RUNPATH_SEARCH_PATHS = (
					"$(inherited)",
					"@executable_path/Frameworks",
				);
				MARKETING_VERSION = 1.0;
				PRODUCT_BUNDLE_IDENTIFIER = com.kr.ssh.SwiftUIRouterSample;
				PRODUCT_NAME = "$(TARGET_NAME)";
				SWIFT_EMIT_LOC_STRINGS = YES;
				SWIFT_VERSION = 5.0;
				TARGETED_DEVICE_FAMILY = "1,2";
			};
			name = Debug;
		};
		52D6271D286AE460005C1E65 /* Release */ = {
			isa = XCBuildConfiguration;
			buildSettings = {
				ASSETCATALOG_COMPILER_APPICON_NAME = AppIcon;
				ASSETCATALOG_COMPILER_GLOBAL_ACCENT_COLOR_NAME = AccentColor;
				CODE_SIGN_STYLE = Automatic;
				CURRENT_PROJECT_VERSION = 1;
				DEVELOPMENT_ASSET_PATHS = "\"SwiftUIRouterSample/Preview Content\"";
				DEVELOPMENT_TEAM = 3PTYV272Z4;
				ENABLE_PREVIEWS = YES;
				GENERATE_INFOPLIST_FILE = YES;
				INFOPLIST_KEY_UIApplicationSceneManifest_Generation = YES;
				INFOPLIST_KEY_UIApplicationSupportsIndirectInputEvents = YES;
				INFOPLIST_KEY_UILaunchScreen_Generation = YES;
				INFOPLIST_KEY_UISupportedInterfaceOrientations_iPad = "UIInterfaceOrientationPortrait UIInterfaceOrientationPortraitUpsideDown UIInterfaceOrientationLandscapeLeft UIInterfaceOrientationLandscapeRight";
				INFOPLIST_KEY_UISupportedInterfaceOrientations_iPhone = "UIInterfaceOrientationPortrait UIInterfaceOrientationLandscapeLeft UIInterfaceOrientationLandscapeRight";
				IPHONEOS_DEPLOYMENT_TARGET = 15.5;
				LD_RUNPATH_SEARCH_PATHS = (
					"$(inherited)",
					"@executable_path/Frameworks",
				);
				MARKETING_VERSION = 1.0;
				PRODUCT_BUNDLE_IDENTIFIER = com.kr.ssh.SwiftUIRouterSample;
				PRODUCT_NAME = "$(TARGET_NAME)";
				SWIFT_EMIT_LOC_STRINGS = YES;
				SWIFT_VERSION = 5.0;
				TARGETED_DEVICE_FAMILY = "1,2";
			};
			name = Release;
		};
/* End XCBuildConfiguration section */

/* Begin XCConfigurationList section */
		52209D18286B033800D17801 /* Build configuration list for PBXNativeTarget "SwiftUIRouterSampleTests" */ = {
			isa = XCConfigurationList;
			buildConfigurations = (
				52209D19286B033800D17801 /* Debug */,
				52209D1A286B033800D17801 /* Release */,
			);
			defaultConfigurationIsVisible = 0;
			defaultConfigurationName = Release;
		};
		52D62708286AE45F005C1E65 /* Build configuration list for PBXProject "SwiftUIRouterSample" */ = {
			isa = XCConfigurationList;
			buildConfigurations = (
				52D62719286AE460005C1E65 /* Debug */,
				52D6271A286AE460005C1E65 /* Release */,
			);
			defaultConfigurationIsVisible = 0;
			defaultConfigurationName = Release;
		};
		52D6271B286AE460005C1E65 /* Build configuration list for PBXNativeTarget "SwiftUIRouterSample" */ = {
			isa = XCConfigurationList;
			buildConfigurations = (
				52D6271C286AE460005C1E65 /* Debug */,
				52D6271D286AE460005C1E65 /* Release */,
			);
			defaultConfigurationIsVisible = 0;
			defaultConfigurationName = Release;
		};
/* End XCConfigurationList section */
	};
	rootObject = 52D62705286AE45F005C1E65 /* Project object */;
}
